{
  "name": "@allbin/eslint-config-react",
  "version": "0.0.10",
  "lockfileVersion": 1,
  "requires": true,
  "dependencies": {
    "@allbin/eslint-config": {
      "version": "0.0.8",
      "resolved": "https://npm.pkg.github.com/download/@allbin/eslint-config/0.0.8/0c540284743583ae169e45878269de7324e47692dbe5832141b1369ae4e5fb34",
      "integrity": "sha512-XRCgNnoCdQRnJPr9B278aT6GE+uC6u9o3jVGZDieufFiMtHh3tMe2i2chqVFxSD6dXyhc8Mtdv2iLIdSKHlEAw=="
    }
  }
}
