{
  "name": "@allbin/eslint-config-react",
  "version": "0.0.11",
  "lockfileVersion": 1,
  "requires": true,
  "dependencies": {
    "@allbin/eslint-config": {
      "version": "0.0.11",
      "resolved": "https://registry.npmjs.org/@allbin/eslint-config/-/eslint-config-0.0.11.tgz",
      "integrity": "sha512-HNKyCZUmBiwEhUUuR7X8i65BKBBI568S0/zp8p3oT/HUh/Le4rJrErNUfnUl+sqb8alRs4QBJt3s070ISC4SJA=="
    }
  }
}
